[[package]]
name = "base58"
version = "2.1.1"
description = "Base58 and Base58Check implementation."
category = "main"
optional = false
python-versions = ">=3.5"

[package.extras]
tests = ["PyHamcrest (>=2.0.2)", "mypy", "pytest (>=4.6)", "pytest-benchmark", "pytest-cov", "pytest-flake8"]

[[package]]
name = "ed25519"
version = "1.5"
description = "Ed25519 public-key signatures"
category = "main"
optional = false
python-versions = "*"

[[package]]
name = "mnemonic"
version = "0.20"
description = "Implementation of Bitcoin BIP-0039"
category = "main"
optional = false
python-versions = ">=3.5"

[metadata]
lock-version = "1.1"
python-versions = "^3.10"
content-hash = "105ffeaf6a2485f539dcd840e7c88ef38f2a964d8cd60d3f359df4cbc36c71c3"

[metadata.files]
base58 = [
    {file = "base58-2.1.1-py3-none-any.whl", hash = "sha256:11a36f4d3ce51dfc1043f3218591ac4eb1ceb172919cebe05b52a5bcc8d245c2"},
    {file = "base58-2.1.1.tar.gz", hash = "sha256:c5d0cb3f5b6e81e8e35da5754388ddcc6d0d14b6c6a132cb93d69ed580a7278c"},
]
ed25519 = [
    {file = "ed25519-1.5.tar.gz", hash = "sha256:02053ee019ceef0df97294be2d4d5a8fc120fc86e81e08bec1245fc0f9403358"},
]
mnemonic = [
    {file = "mnemonic-0.20-py3-none-any.whl", hash = "sha256:acd2168872d0379e7a10873bb3e12bf6c91b35de758135c4fbd1015ef18fafc5"},
    {file = "mnemonic-0.20.tar.gz", hash = "sha256:7c6fb5639d779388027a77944680aee4870f0fcd09b1e42a5525ee2ce4c625f6"},
]
